
Microsoft Visual Studio Solution File, Format Version 10.00
# Visual Studio 2008
Project("{E24C65DC-7377-472B-9ABA-BC803B73C61A}") = "sqliteproviders", ".\", "{16E9533B-4351-460D-AF87-0960C33EF221}"
	ProjectSection(WebsiteProperties) = preProject
		TargetFramework = "2.0"
		Debug.AspNetCompiler.VirtualPath = "/sqliteproviders"
		Debug.AspNetCompiler.PhysicalPath = ".\"
		Debug.AspNetCompiler.TargetPath = "PrecompiledWeb\sqliteproviders\"
		Debug.AspNetCompiler.Updateable = "true"
		Debug.AspNetCompiler.ForceOverwrite = "true"
		Debug.AspNetCompiler.FixedNames = "false"
		Debug.AspNetCompiler.Debug = "True"
		Release.AspNetCompiler.VirtualPath = "/sqliteproviders"
		Release.AspNetCompiler.PhysicalPath = ".\"
		Release.AspNetCompiler.TargetPath = "PrecompiledWeb\sqliteproviders\"
		Release.AspNetCompiler.Updateable = "true"
		Release.AspNetCompiler.ForceOverwrite = "true"
		Release.AspNetCompiler.FixedNames = "false"
		Release.AspNetCompiler.Debug = "False"
		VWDPort = "2292"
	EndProjectSection
EndProject
Global
	GlobalSection(SolutionConfigurationPlatforms) = preSolution
		Debug|.NET = Debug|.NET
	EndGlobalSection
	GlobalSection(ProjectConfigurationPlatforms) = postSolution
		{16E9533B-4351-460D-AF87-0960C33EF221}.Debug|.NET.ActiveCfg = Debug|.NET
		{16E9533B-4351-460D-AF87-0960C33EF221}.Debug|.NET.Build.0 = Debug|.NET
	EndGlobalSection
	GlobalSection(SolutionProperties) = preSolution
		HideSolutionNode = FALSE
	EndGlobalSection
EndGlobal
