
Microsoft Visual Studio Solution File, Format Version 12.00
# Visual Studio 2013
VisualStudioVersion = 12.0.31101.0
MinimumVisualStudioVersion = 10.0.40219.1
Project("{FAE04EC0-301F-11D3-BF4B-00C04F79EFBC}") = "BoC", "Src\Commons\BoC.csproj", "{25C350AF-4957-47E8-960A-6C59794C5DEF}"
EndProject
Project("{FAE04EC0-301F-11D3-BF4B-00C04F79EFBC}") = "BoC.Logging.Log4Net", "Src\Commons.Logging.Log4Net\BoC.Logging.Log4Net.csproj", "{77EAE608-5CFF-4EF4-A647-49C9757CB829}"
EndProject
Project("{FAE04EC0-301F-11D3-BF4B-00C04F79EFBC}") = "BoC.Persistence.NHibernate", "Src\Commons.Persistence.NHibernate\BoC.Persistence.NHibernate.csproj", "{0F48E392-9474-4714-884A-129253F68997}"
EndProject
Project("{FAE04EC0-301F-11D3-BF4B-00C04F79EFBC}") = "BoC.Security.NHibernate", "Src\Commons.Security.NHibernate\BoC.Security.NHibernate.csproj", "{4EDA6621-C191-4EC2-82F2-92DC746151C1}"
EndProject
Project("{FAE04EC0-301F-11D3-BF4B-00C04F79EFBC}") = "BoC.Security", "Src\Commons.Security\BoC.Security.csproj", "{387BC181-5A33-4657-9C19-07A8FA48A916}"
EndProject
Project("{FAE04EC0-301F-11D3-BF4B-00C04F79EFBC}") = "BoC.Persistence.Xpo", "Src\Commons.Persistence.XPO\BoC.Persistence.Xpo.csproj", "{AC7DD1E6-616B-41CE-AA21-F31B5CA10379}"
EndProject
Project("{FAE04EC0-301F-11D3-BF4B-00C04F79EFBC}") = "BoC.Persistence.Norm", "Src\Commons.Persistence.NoRM\BoC.Persistence.Norm.csproj", "{EC5E1C97-41C1-4624-8CEE-0D1EC842D306}"
EndProject
Project("{FAE04EC0-301F-11D3-BF4B-00C04F79EFBC}") = "BoC.InversionOfControl.Unity", "Src\Commons.InversionOfControl.Unity\BoC.InversionOfControl.Unity.csproj", "{5E953013-A5C4-4AB5-BF99-108C6D4D21CE}"
EndProject
Project("{FAE04EC0-301F-11D3-BF4B-00C04F79EFBC}") = "BoC.Persistence.db4o", "Src\Commons.Persistence.db4o\BoC.Persistence.db4o.csproj", "{3CB44AE3-E282-4271-BAB9-BE4075CEF44B}"
EndProject
Project("{FAE04EC0-301F-11D3-BF4B-00C04F79EFBC}") = "BoC.Persistence.SitecoreGlass", "Src\Commons.Persistence.Sitecore\BoC.Persistence.SitecoreGlass.csproj", "{81534C53-EB1A-48D0-A814-786F57B32F4D}"
EndProject
Project("{FAE04EC0-301F-11D3-BF4B-00C04F79EFBC}") = "BoC.Persistence.UmbracoGlass", "Src\Commons.Persistence.UmbracoGlass\BoC.Persistence.UmbracoGlass.csproj", "{0E3EE667-4757-4FAD-A79A-051FD9CBA37B}"
EndProject
Project("{2150E333-8FDC-42A3-9474-1A3956D46DE8}") = ".nuget", ".nuget", "{F3AD6E4F-D7ED-473F-8F17-97850F1A5B47}"
	ProjectSection(SolutionItems) = preProject
		.nuget\NuGet.Config = .nuget\NuGet.Config
	EndProjectSection
EndProject
Project("{FAE04EC0-301F-11D3-BF4B-00C04F79EFBC}") = "BoC.Logging.Sitecore", "Src\Commons.Logging.Sitecore\BoC.Logging.Sitecore.csproj", "{0F35D97B-C923-4239-BA62-DB75583809BA}"
EndProject
Project("{FAE04EC0-301F-11D3-BF4B-00C04F79EFBC}") = "BoC.Web.Mvc", "Src\Commons.Web.Mvc\BoC.Web.Mvc.csproj", "{D21291A8-98DB-48F0-A864-CC468BA44EB1}"
EndProject
Project("{2150E333-8FDC-42A3-9474-1A3956D46DE8}") = "Tests", "Tests", "{0FEDB9EA-1562-439A-9A5E-9AC8156B5145}"
EndProject
Project("{FAE04EC0-301F-11D3-BF4B-00C04F79EFBC}") = "BoC.InversionOfControl.Unity.Tests", "Tests\Commons.InversionOfControl.Unity.Tests\BoC.InversionOfControl.Unity.Tests.csproj", "{7C6C7E1E-8769-433B-9257-2C117DDA0DB4}"
EndProject
Project("{FAE04EC0-301F-11D3-BF4B-00C04F79EFBC}") = "BoC.InversionOfControl.Ninject", "Src\Commons.InversionOfControl.Ninject\BoC.InversionOfControl.Ninject.csproj", "{8CFC4566-BEE8-42EF-803A-AFEB5629640C}"
EndProject
Project("{FAE04EC0-301F-11D3-BF4B-00C04F79EFBC}") = "BoC.InversionOfControl.Ninject.Tests", "Tests\Commons.InversionOfControl.Ninject.Tests\BoC.InversionOfControl.Ninject.Tests.csproj", "{79724F7A-0496-4B9D-9C0F-9EE128DACFF5}"
EndProject
Project("{FAE04EC0-301F-11D3-BF4B-00C04F79EFBC}") = "BoC.InversionOfControl.DryIoC", "Src\Commons.InversionOfControl.DryIoC\BoC.InversionOfControl.DryIoC.csproj", "{197273B2-7DF7-4E16-8B4A-38255CE90D4E}"
EndProject
Project("{FAE04EC0-301F-11D3-BF4B-00C04F79EFBC}") = "BoC.InversionOfControl.DryIoC.Tests", "Tests\Commons.InversionOfControl.DryIoC.Tests\BoC.InversionOfControl.DryIoC.Tests.csproj", "{0745BBC8-4B40-4862-AA60-4FCC64A9BE68}"
EndProject
Global
	GlobalSection(SolutionConfigurationPlatforms) = preSolution
		.NET 3.5 DEBUG|Any CPU = .NET 3.5 DEBUG|Any CPU
		.NET 3.5 DEBUG|ARM = .NET 3.5 DEBUG|ARM
		.NET 3.5 DEBUG|x64 = .NET 3.5 DEBUG|x64
		.NET 3.5 DEBUG|x86 = .NET 3.5 DEBUG|x86
		Debug|Any CPU = Debug|Any CPU
		Debug|ARM = Debug|ARM
		Debug|x64 = Debug|x64
		Debug|x86 = Debug|x86
		Release|Any CPU = Release|Any CPU
		Release|ARM = Release|ARM
		Release|x64 = Release|x64
		Release|x86 = Release|x86
	EndGlobalSection
	GlobalSection(ProjectConfigurationPlatforms) = postSolution
		{25C350AF-4957-47E8-960A-6C59794C5DEF}..NET 3.5 DEBUG|Any CPU.ActiveCfg = .NET 3.5 DEBUG|Any CPU
		{25C350AF-4957-47E8-960A-6C59794C5DEF}..NET 3.5 DEBUG|Any CPU.Build.0 = .NET 3.5 DEBUG|Any CPU
		{25C350AF-4957-47E8-960A-6C59794C5DEF}..NET 3.5 DEBUG|ARM.ActiveCfg = .NET 3.5 DEBUG|Any CPU
		{25C350AF-4957-47E8-960A-6C59794C5DEF}..NET 3.5 DEBUG|x64.ActiveCfg = .NET 3.5 DEBUG|Any CPU
		{25C350AF-4957-47E8-960A-6C59794C5DEF}..NET 3.5 DEBUG|x86.ActiveCfg = .NET 3.5 DEBUG|Any CPU
		{25C350AF-4957-47E8-960A-6C59794C5DEF}.Debug|Any CPU.ActiveCfg = Debug|Any CPU
		{25C350AF-4957-47E8-960A-6C59794C5DEF}.Debug|Any CPU.Build.0 = Debug|Any CPU
		{25C350AF-4957-47E8-960A-6C59794C5DEF}.Debug|ARM.ActiveCfg = Debug|Any CPU
		{25C350AF-4957-47E8-960A-6C59794C5DEF}.Debug|x64.ActiveCfg = Debug|Any CPU
		{25C350AF-4957-47E8-960A-6C59794C5DEF}.Debug|x86.ActiveCfg = Debug|Any CPU
		{25C350AF-4957-47E8-960A-6C59794C5DEF}.Release|Any CPU.ActiveCfg = Release|Any CPU
		{25C350AF-4957-47E8-960A-6C59794C5DEF}.Release|Any CPU.Build.0 = Release|Any CPU
		{25C350AF-4957-47E8-960A-6C59794C5DEF}.Release|ARM.ActiveCfg = Release|Any CPU
		{25C350AF-4957-47E8-960A-6C59794C5DEF}.Release|x64.ActiveCfg = Release|Any CPU
		{25C350AF-4957-47E8-960A-6C59794C5DEF}.Release|x86.ActiveCfg = Release|Any CPU
		{77EAE608-5CFF-4EF4-A647-49C9757CB829}..NET 3.5 DEBUG|Any CPU.ActiveCfg = .NET 3.5 DEBUG|Any CPU
		{77EAE608-5CFF-4EF4-A647-49C9757CB829}..NET 3.5 DEBUG|Any CPU.Build.0 = .NET 3.5 DEBUG|Any CPU
		{77EAE608-5CFF-4EF4-A647-49C9757CB829}..NET 3.5 DEBUG|ARM.ActiveCfg = .NET 3.5 DEBUG|Any CPU
		{77EAE608-5CFF-4EF4-A647-49C9757CB829}..NET 3.5 DEBUG|x64.ActiveCfg = .NET 3.5 DEBUG|Any CPU
		{77EAE608-5CFF-4EF4-A647-49C9757CB829}..NET 3.5 DEBUG|x86.ActiveCfg = .NET 3.5 DEBUG|Any CPU
		{77EAE608-5CFF-4EF4-A647-49C9757CB829}.Debug|Any CPU.ActiveCfg = Debug|Any CPU
		{77EAE608-5CFF-4EF4-A647-49C9757CB829}.Debug|Any CPU.Build.0 = Debug|Any CPU
		{77EAE608-5CFF-4EF4-A647-49C9757CB829}.Debug|ARM.ActiveCfg = Debug|Any CPU
		{77EAE608-5CFF-4EF4-A647-49C9757CB829}.Debug|x64.ActiveCfg = Debug|Any CPU
		{77EAE608-5CFF-4EF4-A647-49C9757CB829}.Debug|x86.ActiveCfg = Debug|Any CPU
		{77EAE608-5CFF-4EF4-A647-49C9757CB829}.Release|Any CPU.ActiveCfg = Release|Any CPU
		{77EAE608-5CFF-4EF4-A647-49C9757CB829}.Release|Any CPU.Build.0 = Release|Any CPU
		{77EAE608-5CFF-4EF4-A647-49C9757CB829}.Release|ARM.ActiveCfg = Release|Any CPU
		{77EAE608-5CFF-4EF4-A647-49C9757CB829}.Release|x64.ActiveCfg = Release|Any CPU
		{77EAE608-5CFF-4EF4-A647-49C9757CB829}.Release|x86.ActiveCfg = Release|Any CPU
		{0F48E392-9474-4714-884A-129253F68997}..NET 3.5 DEBUG|Any CPU.ActiveCfg = .NET 3.5 DEBUG|Any CPU
		{0F48E392-9474-4714-884A-129253F68997}..NET 3.5 DEBUG|Any CPU.Build.0 = .NET 3.5 DEBUG|Any CPU
		{0F48E392-9474-4714-884A-129253F68997}..NET 3.5 DEBUG|ARM.ActiveCfg = .NET 3.5 DEBUG|Any CPU
		{0F48E392-9474-4714-884A-129253F68997}..NET 3.5 DEBUG|x64.ActiveCfg = .NET 3.5 DEBUG|Any CPU
		{0F48E392-9474-4714-884A-129253F68997}..NET 3.5 DEBUG|x86.ActiveCfg = .NET 3.5 DEBUG|Any CPU
		{0F48E392-9474-4714-884A-129253F68997}.Debug|Any CPU.ActiveCfg = Debug|Any CPU
		{0F48E392-9474-4714-884A-129253F68997}.Debug|Any CPU.Build.0 = Debug|Any CPU
		{0F48E392-9474-4714-884A-129253F68997}.Debug|ARM.ActiveCfg = Debug|Any CPU
		{0F48E392-9474-4714-884A-129253F68997}.Debug|x64.ActiveCfg = Debug|Any CPU
		{0F48E392-9474-4714-884A-129253F68997}.Debug|x86.ActiveCfg = Debug|Any CPU
		{0F48E392-9474-4714-884A-129253F68997}.Release|Any CPU.ActiveCfg = Release|Any CPU
		{0F48E392-9474-4714-884A-129253F68997}.Release|Any CPU.Build.0 = Release|Any CPU
		{0F48E392-9474-4714-884A-129253F68997}.Release|ARM.ActiveCfg = Release|Any CPU
		{0F48E392-9474-4714-884A-129253F68997}.Release|x64.ActiveCfg = Release|Any CPU
		{0F48E392-9474-4714-884A-129253F68997}.Release|x86.ActiveCfg = Release|Any CPU
		{4EDA6621-C191-4EC2-82F2-92DC746151C1}..NET 3.5 DEBUG|Any CPU.ActiveCfg = .NET 3.5 DEBUG|Any CPU
		{4EDA6621-C191-4EC2-82F2-92DC746151C1}..NET 3.5 DEBUG|Any CPU.Build.0 = .NET 3.5 DEBUG|Any CPU
		{4EDA6621-C191-4EC2-82F2-92DC746151C1}..NET 3.5 DEBUG|ARM.ActiveCfg = .NET 3.5 DEBUG|Any CPU
		{4EDA6621-C191-4EC2-82F2-92DC746151C1}..NET 3.5 DEBUG|x64.ActiveCfg = .NET 3.5 DEBUG|Any CPU
		{4EDA6621-C191-4EC2-82F2-92DC746151C1}..NET 3.5 DEBUG|x86.ActiveCfg = .NET 3.5 DEBUG|Any CPU
		{4EDA6621-C191-4EC2-82F2-92DC746151C1}.Debug|Any CPU.ActiveCfg = Debug|Any CPU
		{4EDA6621-C191-4EC2-82F2-92DC746151C1}.Debug|Any CPU.Build.0 = Debug|Any CPU
		{4EDA6621-C191-4EC2-82F2-92DC746151C1}.Debug|ARM.ActiveCfg = Debug|Any CPU
		{4EDA6621-C191-4EC2-82F2-92DC746151C1}.Debug|x64.ActiveCfg = Debug|Any CPU
		{4EDA6621-C191-4EC2-82F2-92DC746151C1}.Debug|x86.ActiveCfg = Debug|Any CPU
		{4EDA6621-C191-4EC2-82F2-92DC746151C1}.Release|Any CPU.ActiveCfg = Release|Any CPU
		{4EDA6621-C191-4EC2-82F2-92DC746151C1}.Release|Any CPU.Build.0 = Release|Any CPU
		{4EDA6621-C191-4EC2-82F2-92DC746151C1}.Release|ARM.ActiveCfg = Release|Any CPU
		{4EDA6621-C191-4EC2-82F2-92DC746151C1}.Release|x64.ActiveCfg = Release|Any CPU
		{4EDA6621-C191-4EC2-82F2-92DC746151C1}.Release|x86.ActiveCfg = Release|Any CPU
		{387BC181-5A33-4657-9C19-07A8FA48A916}..NET 3.5 DEBUG|Any CPU.ActiveCfg = .NET 3.5 DEBUG|Any CPU
		{387BC181-5A33-4657-9C19-07A8FA48A916}..NET 3.5 DEBUG|Any CPU.Build.0 = .NET 3.5 DEBUG|Any CPU
		{387BC181-5A33-4657-9C19-07A8FA48A916}..NET 3.5 DEBUG|ARM.ActiveCfg = .NET 3.5 DEBUG|Any CPU
		{387BC181-5A33-4657-9C19-07A8FA48A916}..NET 3.5 DEBUG|x64.ActiveCfg = .NET 3.5 DEBUG|Any CPU
		{387BC181-5A33-4657-9C19-07A8FA48A916}..NET 3.5 DEBUG|x86.ActiveCfg = .NET 3.5 DEBUG|Any CPU
		{387BC181-5A33-4657-9C19-07A8FA48A916}.Debug|Any CPU.ActiveCfg = Debug|Any CPU
		{387BC181-5A33-4657-9C19-07A8FA48A916}.Debug|Any CPU.Build.0 = Debug|Any CPU
		{387BC181-5A33-4657-9C19-07A8FA48A916}.Debug|ARM.ActiveCfg = Debug|Any CPU
		{387BC181-5A33-4657-9C19-07A8FA48A916}.Debug|x64.ActiveCfg = Debug|Any CPU
		{387BC181-5A33-4657-9C19-07A8FA48A916}.Debug|x86.ActiveCfg = Debug|Any CPU
		{387BC181-5A33-4657-9C19-07A8FA48A916}.Release|Any CPU.ActiveCfg = Release|Any CPU
		{387BC181-5A33-4657-9C19-07A8FA48A916}.Release|Any CPU.Build.0 = Release|Any CPU
		{387BC181-5A33-4657-9C19-07A8FA48A916}.Release|ARM.ActiveCfg = Release|Any CPU
		{387BC181-5A33-4657-9C19-07A8FA48A916}.Release|x64.ActiveCfg = Release|Any CPU
		{387BC181-5A33-4657-9C19-07A8FA48A916}.Release|x86.ActiveCfg = Release|Any CPU
		{AC7DD1E6-616B-41CE-AA21-F31B5CA10379}..NET 3.5 DEBUG|Any CPU.ActiveCfg = .NET 3.5 DEBUG|Any CPU
		{AC7DD1E6-616B-41CE-AA21-F31B5CA10379}..NET 3.5 DEBUG|Any CPU.Build.0 = .NET 3.5 DEBUG|Any CPU
		{AC7DD1E6-616B-41CE-AA21-F31B5CA10379}..NET 3.5 DEBUG|ARM.ActiveCfg = .NET 3.5 DEBUG|Any CPU
		{AC7DD1E6-616B-41CE-AA21-F31B5CA10379}..NET 3.5 DEBUG|x64.ActiveCfg = .NET 3.5 DEBUG|Any CPU
		{AC7DD1E6-616B-41CE-AA21-F31B5CA10379}..NET 3.5 DEBUG|x86.ActiveCfg = .NET 3.5 DEBUG|Any CPU
		{AC7DD1E6-616B-41CE-AA21-F31B5CA10379}.Debug|Any CPU.ActiveCfg = Debug|Any CPU
		{AC7DD1E6-616B-41CE-AA21-F31B5CA10379}.Debug|Any CPU.Build.0 = Debug|Any CPU
		{AC7DD1E6-616B-41CE-AA21-F31B5CA10379}.Debug|ARM.ActiveCfg = Debug|Any CPU
		{AC7DD1E6-616B-41CE-AA21-F31B5CA10379}.Debug|x64.ActiveCfg = Debug|Any CPU
		{AC7DD1E6-616B-41CE-AA21-F31B5CA10379}.Debug|x86.ActiveCfg = Debug|Any CPU
		{AC7DD1E6-616B-41CE-AA21-F31B5CA10379}.Release|Any CPU.ActiveCfg = Release|Any CPU
		{AC7DD1E6-616B-41CE-AA21-F31B5CA10379}.Release|Any CPU.Build.0 = Release|Any CPU
		{AC7DD1E6-616B-41CE-AA21-F31B5CA10379}.Release|ARM.ActiveCfg = Release|Any CPU
		{AC7DD1E6-616B-41CE-AA21-F31B5CA10379}.Release|x64.ActiveCfg = Release|Any CPU
		{AC7DD1E6-616B-41CE-AA21-F31B5CA10379}.Release|x86.ActiveCfg = Release|Any CPU
		{EC5E1C97-41C1-4624-8CEE-0D1EC842D306}..NET 3.5 DEBUG|Any CPU.ActiveCfg = Release|Any CPU
		{EC5E1C97-41C1-4624-8CEE-0D1EC842D306}..NET 3.5 DEBUG|Any CPU.Build.0 = Release|Any CPU
		{EC5E1C97-41C1-4624-8CEE-0D1EC842D306}..NET 3.5 DEBUG|ARM.ActiveCfg = Debug|Any CPU
		{EC5E1C97-41C1-4624-8CEE-0D1EC842D306}..NET 3.5 DEBUG|x64.ActiveCfg = Debug|Any CPU
		{EC5E1C97-41C1-4624-8CEE-0D1EC842D306}..NET 3.5 DEBUG|x86.ActiveCfg = Debug|Any CPU
		{EC5E1C97-41C1-4624-8CEE-0D1EC842D306}.Debug|Any CPU.ActiveCfg = Debug|Any CPU
		{EC5E1C97-41C1-4624-8CEE-0D1EC842D306}.Debug|Any CPU.Build.0 = Debug|Any CPU
		{EC5E1C97-41C1-4624-8CEE-0D1EC842D306}.Debug|ARM.ActiveCfg = Debug|Any CPU
		{EC5E1C97-41C1-4624-8CEE-0D1EC842D306}.Debug|x64.ActiveCfg = Debug|Any CPU
		{EC5E1C97-41C1-4624-8CEE-0D1EC842D306}.Debug|x86.ActiveCfg = Debug|Any CPU
		{EC5E1C97-41C1-4624-8CEE-0D1EC842D306}.Release|Any CPU.ActiveCfg = Release|Any CPU
		{EC5E1C97-41C1-4624-8CEE-0D1EC842D306}.Release|Any CPU.Build.0 = Release|Any CPU
		{EC5E1C97-41C1-4624-8CEE-0D1EC842D306}.Release|ARM.ActiveCfg = Release|Any CPU
		{EC5E1C97-41C1-4624-8CEE-0D1EC842D306}.Release|x64.ActiveCfg = Release|Any CPU
		{EC5E1C97-41C1-4624-8CEE-0D1EC842D306}.Release|x86.ActiveCfg = Release|Any CPU
		{5E953013-A5C4-4AB5-BF99-108C6D4D21CE}..NET 3.5 DEBUG|Any CPU.ActiveCfg = .NET 3.5 DEBUG|Any CPU
		{5E953013-A5C4-4AB5-BF99-108C6D4D21CE}..NET 3.5 DEBUG|Any CPU.Build.0 = .NET 3.5 DEBUG|Any CPU
		{5E953013-A5C4-4AB5-BF99-108C6D4D21CE}..NET 3.5 DEBUG|ARM.ActiveCfg = .NET 3.5 DEBUG|Any CPU
		{5E953013-A5C4-4AB5-BF99-108C6D4D21CE}..NET 3.5 DEBUG|x64.ActiveCfg = .NET 3.5 DEBUG|Any CPU
		{5E953013-A5C4-4AB5-BF99-108C6D4D21CE}..NET 3.5 DEBUG|x86.ActiveCfg = .NET 3.5 DEBUG|Any CPU
		{5E953013-A5C4-4AB5-BF99-108C6D4D21CE}.Debug|Any CPU.ActiveCfg = Debug|Any CPU
		{5E953013-A5C4-4AB5-BF99-108C6D4D21CE}.Debug|Any CPU.Build.0 = Debug|Any CPU
		{5E953013-A5C4-4AB5-BF99-108C6D4D21CE}.Debug|ARM.ActiveCfg = Debug|Any CPU
		{5E953013-A5C4-4AB5-BF99-108C6D4D21CE}.Debug|x64.ActiveCfg = Debug|Any CPU
		{5E953013-A5C4-4AB5-BF99-108C6D4D21CE}.Debug|x86.ActiveCfg = Debug|Any CPU
		{5E953013-A5C4-4AB5-BF99-108C6D4D21CE}.Release|Any CPU.ActiveCfg = Release|Any CPU
		{5E953013-A5C4-4AB5-BF99-108C6D4D21CE}.Release|Any CPU.Build.0 = Release|Any CPU
		{5E953013-A5C4-4AB5-BF99-108C6D4D21CE}.Release|ARM.ActiveCfg = Release|Any CPU
		{5E953013-A5C4-4AB5-BF99-108C6D4D21CE}.Release|x64.ActiveCfg = Release|Any CPU
		{5E953013-A5C4-4AB5-BF99-108C6D4D21CE}.Release|x86.ActiveCfg = Release|Any CPU
		{3CB44AE3-E282-4271-BAB9-BE4075CEF44B}..NET 3.5 DEBUG|Any CPU.ActiveCfg = Release|Any CPU
		{3CB44AE3-E282-4271-BAB9-BE4075CEF44B}..NET 3.5 DEBUG|Any CPU.Build.0 = Release|Any CPU
		{3CB44AE3-E282-4271-BAB9-BE4075CEF44B}..NET 3.5 DEBUG|ARM.ActiveCfg = Debug|Any CPU
		{3CB44AE3-E282-4271-BAB9-BE4075CEF44B}..NET 3.5 DEBUG|x64.ActiveCfg = Debug|Any CPU
		{3CB44AE3-E282-4271-BAB9-BE4075CEF44B}..NET 3.5 DEBUG|x86.ActiveCfg = Debug|Any CPU
		{3CB44AE3-E282-4271-BAB9-BE4075CEF44B}.Debug|Any CPU.ActiveCfg = Debug|Any CPU
		{3CB44AE3-E282-4271-BAB9-BE4075CEF44B}.Debug|Any CPU.Build.0 = Debug|Any CPU
		{3CB44AE3-E282-4271-BAB9-BE4075CEF44B}.Debug|ARM.ActiveCfg = Debug|Any CPU
		{3CB44AE3-E282-4271-BAB9-BE4075CEF44B}.Debug|x64.ActiveCfg = Debug|Any CPU
		{3CB44AE3-E282-4271-BAB9-BE4075CEF44B}.Debug|x86.ActiveCfg = Debug|Any CPU
		{3CB44AE3-E282-4271-BAB9-BE4075CEF44B}.Release|Any CPU.ActiveCfg = Release|Any CPU
		{3CB44AE3-E282-4271-BAB9-BE4075CEF44B}.Release|Any CPU.Build.0 = Release|Any CPU
		{3CB44AE3-E282-4271-BAB9-BE4075CEF44B}.Release|ARM.ActiveCfg = Release|Any CPU
		{3CB44AE3-E282-4271-BAB9-BE4075CEF44B}.Release|x64.ActiveCfg = Release|Any CPU
		{3CB44AE3-E282-4271-BAB9-BE4075CEF44B}.Release|x86.ActiveCfg = Release|Any CPU
		{81534C53-EB1A-48D0-A814-786F57B32F4D}..NET 3.5 DEBUG|Any CPU.ActiveCfg = Release|Any CPU
		{81534C53-EB1A-48D0-A814-786F57B32F4D}..NET 3.5 DEBUG|Any CPU.Build.0 = Release|Any CPU
		{81534C53-EB1A-48D0-A814-786F57B32F4D}..NET 3.5 DEBUG|ARM.ActiveCfg = Debug|Any CPU
		{81534C53-EB1A-48D0-A814-786F57B32F4D}..NET 3.5 DEBUG|x64.ActiveCfg = Debug|Any CPU
		{81534C53-EB1A-48D0-A814-786F57B32F4D}..NET 3.5 DEBUG|x86.ActiveCfg = Debug|Any CPU
		{81534C53-EB1A-48D0-A814-786F57B32F4D}.Debug|Any CPU.ActiveCfg = Debug|Any CPU
		{81534C53-EB1A-48D0-A814-786F57B32F4D}.Debug|Any CPU.Build.0 = Debug|Any CPU
		{81534C53-EB1A-48D0-A814-786F57B32F4D}.Debug|ARM.ActiveCfg = Debug|Any CPU
		{81534C53-EB1A-48D0-A814-786F57B32F4D}.Debug|x64.ActiveCfg = Debug|Any CPU
		{81534C53-EB1A-48D0-A814-786F57B32F4D}.Debug|x86.ActiveCfg = Debug|Any CPU
		{81534C53-EB1A-48D0-A814-786F57B32F4D}.Release|Any CPU.ActiveCfg = Release|Any CPU
		{81534C53-EB1A-48D0-A814-786F57B32F4D}.Release|Any CPU.Build.0 = Release|Any CPU
		{81534C53-EB1A-48D0-A814-786F57B32F4D}.Release|ARM.ActiveCfg = Release|Any CPU
		{81534C53-EB1A-48D0-A814-786F57B32F4D}.Release|x64.ActiveCfg = Release|Any CPU
		{81534C53-EB1A-48D0-A814-786F57B32F4D}.Release|x86.ActiveCfg = Release|Any CPU
		{0E3EE667-4757-4FAD-A79A-051FD9CBA37B}..NET 3.5 DEBUG|Any CPU.ActiveCfg = Release|Any CPU
		{0E3EE667-4757-4FAD-A79A-051FD9CBA37B}..NET 3.5 DEBUG|Any CPU.Build.0 = Release|Any CPU
		{0E3EE667-4757-4FAD-A79A-051FD9CBA37B}..NET 3.5 DEBUG|ARM.ActiveCfg = Debug|Any CPU
		{0E3EE667-4757-4FAD-A79A-051FD9CBA37B}..NET 3.5 DEBUG|x64.ActiveCfg = Debug|Any CPU
		{0E3EE667-4757-4FAD-A79A-051FD9CBA37B}..NET 3.5 DEBUG|x86.ActiveCfg = Debug|Any CPU
		{0E3EE667-4757-4FAD-A79A-051FD9CBA37B}.Debug|Any CPU.ActiveCfg = Debug|Any CPU
		{0E3EE667-4757-4FAD-A79A-051FD9CBA37B}.Debug|Any CPU.Build.0 = Debug|Any CPU
		{0E3EE667-4757-4FAD-A79A-051FD9CBA37B}.Debug|ARM.ActiveCfg = Debug|Any CPU
		{0E3EE667-4757-4FAD-A79A-051FD9CBA37B}.Debug|x64.ActiveCfg = Debug|Any CPU
		{0E3EE667-4757-4FAD-A79A-051FD9CBA37B}.Debug|x86.ActiveCfg = Debug|Any CPU
		{0E3EE667-4757-4FAD-A79A-051FD9CBA37B}.Release|Any CPU.ActiveCfg = Release|Any CPU
		{0E3EE667-4757-4FAD-A79A-051FD9CBA37B}.Release|Any CPU.Build.0 = Release|Any CPU
		{0E3EE667-4757-4FAD-A79A-051FD9CBA37B}.Release|ARM.ActiveCfg = Release|Any CPU
		{0E3EE667-4757-4FAD-A79A-051FD9CBA37B}.Release|x64.ActiveCfg = Release|Any CPU
		{0E3EE667-4757-4FAD-A79A-051FD9CBA37B}.Release|x86.ActiveCfg = Release|Any CPU
		{0F35D97B-C923-4239-BA62-DB75583809BA}..NET 3.5 DEBUG|Any CPU.ActiveCfg = Release|Any CPU
		{0F35D97B-C923-4239-BA62-DB75583809BA}..NET 3.5 DEBUG|Any CPU.Build.0 = Release|Any CPU
		{0F35D97B-C923-4239-BA62-DB75583809BA}..NET 3.5 DEBUG|ARM.ActiveCfg = Debug|Any CPU
		{0F35D97B-C923-4239-BA62-DB75583809BA}..NET 3.5 DEBUG|x64.ActiveCfg = Debug|Any CPU
		{0F35D97B-C923-4239-BA62-DB75583809BA}..NET 3.5 DEBUG|x86.ActiveCfg = Debug|Any CPU
		{0F35D97B-C923-4239-BA62-DB75583809BA}.Debug|Any CPU.ActiveCfg = Debug|Any CPU
		{0F35D97B-C923-4239-BA62-DB75583809BA}.Debug|Any CPU.Build.0 = Debug|Any CPU
		{0F35D97B-C923-4239-BA62-DB75583809BA}.Debug|ARM.ActiveCfg = Debug|Any CPU
		{0F35D97B-C923-4239-BA62-DB75583809BA}.Debug|x64.ActiveCfg = Debug|Any CPU
		{0F35D97B-C923-4239-BA62-DB75583809BA}.Debug|x86.ActiveCfg = Debug|Any CPU
		{0F35D97B-C923-4239-BA62-DB75583809BA}.Release|Any CPU.ActiveCfg = Release|Any CPU
		{0F35D97B-C923-4239-BA62-DB75583809BA}.Release|Any CPU.Build.0 = Release|Any CPU
		{0F35D97B-C923-4239-BA62-DB75583809BA}.Release|ARM.ActiveCfg = Release|Any CPU
		{0F35D97B-C923-4239-BA62-DB75583809BA}.Release|x64.ActiveCfg = Release|Any CPU
		{0F35D97B-C923-4239-BA62-DB75583809BA}.Release|x86.ActiveCfg = Release|Any CPU
		{D21291A8-98DB-48F0-A864-CC468BA44EB1}..NET 3.5 DEBUG|Any CPU.ActiveCfg = .NET 3.5 DEBUG|Any CPU
		{D21291A8-98DB-48F0-A864-CC468BA44EB1}..NET 3.5 DEBUG|Any CPU.Build.0 = .NET 3.5 DEBUG|Any CPU
		{D21291A8-98DB-48F0-A864-CC468BA44EB1}..NET 3.5 DEBUG|ARM.ActiveCfg = .NET 3.5 DEBUG|Any CPU
		{D21291A8-98DB-48F0-A864-CC468BA44EB1}..NET 3.5 DEBUG|x64.ActiveCfg = .NET 3.5 DEBUG|Any CPU
		{D21291A8-98DB-48F0-A864-CC468BA44EB1}..NET 3.5 DEBUG|x86.ActiveCfg = .NET 3.5 DEBUG|Any CPU
		{D21291A8-98DB-48F0-A864-CC468BA44EB1}.Debug|Any CPU.ActiveCfg = Debug|Any CPU
		{D21291A8-98DB-48F0-A864-CC468BA44EB1}.Debug|Any CPU.Build.0 = Debug|Any CPU
		{D21291A8-98DB-48F0-A864-CC468BA44EB1}.Debug|ARM.ActiveCfg = Debug|Any CPU
		{D21291A8-98DB-48F0-A864-CC468BA44EB1}.Debug|x64.ActiveCfg = Debug|Any CPU
		{D21291A8-98DB-48F0-A864-CC468BA44EB1}.Debug|x86.ActiveCfg = Debug|Any CPU
		{D21291A8-98DB-48F0-A864-CC468BA44EB1}.Release|Any CPU.ActiveCfg = Release|Any CPU
		{D21291A8-98DB-48F0-A864-CC468BA44EB1}.Release|Any CPU.Build.0 = Release|Any CPU
		{D21291A8-98DB-48F0-A864-CC468BA44EB1}.Release|ARM.ActiveCfg = Release|Any CPU
		{D21291A8-98DB-48F0-A864-CC468BA44EB1}.Release|x64.ActiveCfg = Release|Any CPU
		{D21291A8-98DB-48F0-A864-CC468BA44EB1}.Release|x86.ActiveCfg = Release|Any CPU
		{7C6C7E1E-8769-433B-9257-2C117DDA0DB4}..NET 3.5 DEBUG|Any CPU.ActiveCfg = Release|Any CPU
		{7C6C7E1E-8769-433B-9257-2C117DDA0DB4}..NET 3.5 DEBUG|Any CPU.Build.0 = Release|Any CPU
		{7C6C7E1E-8769-433B-9257-2C117DDA0DB4}..NET 3.5 DEBUG|ARM.ActiveCfg = Debug|Any CPU
		{7C6C7E1E-8769-433B-9257-2C117DDA0DB4}..NET 3.5 DEBUG|x64.ActiveCfg = Debug|Any CPU
		{7C6C7E1E-8769-433B-9257-2C117DDA0DB4}..NET 3.5 DEBUG|x86.ActiveCfg = Debug|Any CPU
		{7C6C7E1E-8769-433B-9257-2C117DDA0DB4}.Debug|Any CPU.ActiveCfg = Debug|Any CPU
		{7C6C7E1E-8769-433B-9257-2C117DDA0DB4}.Debug|Any CPU.Build.0 = Debug|Any CPU
		{7C6C7E1E-8769-433B-9257-2C117DDA0DB4}.Debug|ARM.ActiveCfg = Debug|Any CPU
		{7C6C7E1E-8769-433B-9257-2C117DDA0DB4}.Debug|x64.ActiveCfg = Debug|Any CPU
		{7C6C7E1E-8769-433B-9257-2C117DDA0DB4}.Debug|x86.ActiveCfg = Debug|Any CPU
		{7C6C7E1E-8769-433B-9257-2C117DDA0DB4}.Release|Any CPU.ActiveCfg = Release|Any CPU
		{7C6C7E1E-8769-433B-9257-2C117DDA0DB4}.Release|Any CPU.Build.0 = Release|Any CPU
		{7C6C7E1E-8769-433B-9257-2C117DDA0DB4}.Release|ARM.ActiveCfg = Release|Any CPU
		{7C6C7E1E-8769-433B-9257-2C117DDA0DB4}.Release|x64.ActiveCfg = Release|Any CPU
		{7C6C7E1E-8769-433B-9257-2C117DDA0DB4}.Release|x86.ActiveCfg = Release|Any CPU
		{8CFC4566-BEE8-42EF-803A-AFEB5629640C}..NET 3.5 DEBUG|Any CPU.ActiveCfg = Release|Any CPU
		{8CFC4566-BEE8-42EF-803A-AFEB5629640C}..NET 3.5 DEBUG|Any CPU.Build.0 = Release|Any CPU
		{8CFC4566-BEE8-42EF-803A-AFEB5629640C}..NET 3.5 DEBUG|ARM.ActiveCfg = Release|Any CPU
		{8CFC4566-BEE8-42EF-803A-AFEB5629640C}..NET 3.5 DEBUG|x64.ActiveCfg = Release|Any CPU
		{8CFC4566-BEE8-42EF-803A-AFEB5629640C}..NET 3.5 DEBUG|x86.ActiveCfg = Release|Any CPU
		{8CFC4566-BEE8-42EF-803A-AFEB5629640C}.Debug|Any CPU.ActiveCfg = Debug|Any CPU
		{8CFC4566-BEE8-42EF-803A-AFEB5629640C}.Debug|Any CPU.Build.0 = Debug|Any CPU
		{8CFC4566-BEE8-42EF-803A-AFEB5629640C}.Debug|ARM.ActiveCfg = Debug|Any CPU
		{8CFC4566-BEE8-42EF-803A-AFEB5629640C}.Debug|x64.ActiveCfg = Debug|Any CPU
		{8CFC4566-BEE8-42EF-803A-AFEB5629640C}.Debug|x86.ActiveCfg = Debug|Any CPU
		{8CFC4566-BEE8-42EF-803A-AFEB5629640C}.Release|Any CPU.ActiveCfg = Release|Any CPU
		{8CFC4566-BEE8-42EF-803A-AFEB5629640C}.Release|Any CPU.Build.0 = Release|Any CPU
		{8CFC4566-BEE8-42EF-803A-AFEB5629640C}.Release|ARM.ActiveCfg = Release|Any CPU
		{8CFC4566-BEE8-42EF-803A-AFEB5629640C}.Release|x64.ActiveCfg = Release|Any CPU
		{8CFC4566-BEE8-42EF-803A-AFEB5629640C}.Release|x86.ActiveCfg = Release|Any CPU
		{79724F7A-0496-4B9D-9C0F-9EE128DACFF5}..NET 3.5 DEBUG|Any CPU.ActiveCfg = Release|Any CPU
		{79724F7A-0496-4B9D-9C0F-9EE128DACFF5}..NET 3.5 DEBUG|Any CPU.Build.0 = Release|Any CPU
		{79724F7A-0496-4B9D-9C0F-9EE128DACFF5}..NET 3.5 DEBUG|ARM.ActiveCfg = Release|Any CPU
		{79724F7A-0496-4B9D-9C0F-9EE128DACFF5}..NET 3.5 DEBUG|x64.ActiveCfg = Release|Any CPU
		{79724F7A-0496-4B9D-9C0F-9EE128DACFF5}..NET 3.5 DEBUG|x86.ActiveCfg = Release|Any CPU
		{79724F7A-0496-4B9D-9C0F-9EE128DACFF5}.Debug|Any CPU.ActiveCfg = Debug|Any CPU
		{79724F7A-0496-4B9D-9C0F-9EE128DACFF5}.Debug|Any CPU.Build.0 = Debug|Any CPU
		{79724F7A-0496-4B9D-9C0F-9EE128DACFF5}.Debug|ARM.ActiveCfg = Debug|Any CPU
		{79724F7A-0496-4B9D-9C0F-9EE128DACFF5}.Debug|x64.ActiveCfg = Debug|Any CPU
		{79724F7A-0496-4B9D-9C0F-9EE128DACFF5}.Debug|x86.ActiveCfg = Debug|Any CPU
		{79724F7A-0496-4B9D-9C0F-9EE128DACFF5}.Release|Any CPU.ActiveCfg = Release|Any CPU
		{79724F7A-0496-4B9D-9C0F-9EE128DACFF5}.Release|Any CPU.Build.0 = Release|Any CPU
		{79724F7A-0496-4B9D-9C0F-9EE128DACFF5}.Release|ARM.ActiveCfg = Release|Any CPU
		{79724F7A-0496-4B9D-9C0F-9EE128DACFF5}.Release|x64.ActiveCfg = Release|Any CPU
		{79724F7A-0496-4B9D-9C0F-9EE128DACFF5}.Release|x86.ActiveCfg = Release|Any CPU
		{197273B2-7DF7-4E16-8B4A-38255CE90D4E}..NET 3.5 DEBUG|Any CPU.ActiveCfg = Release|Any CPU
		{197273B2-7DF7-4E16-8B4A-38255CE90D4E}..NET 3.5 DEBUG|Any CPU.Build.0 = Release|Any CPU
		{197273B2-7DF7-4E16-8B4A-38255CE90D4E}..NET 3.5 DEBUG|ARM.ActiveCfg = Release|Any CPU
		{197273B2-7DF7-4E16-8B4A-38255CE90D4E}..NET 3.5 DEBUG|x64.ActiveCfg = Release|Any CPU
		{197273B2-7DF7-4E16-8B4A-38255CE90D4E}..NET 3.5 DEBUG|x86.ActiveCfg = Release|Any CPU
		{197273B2-7DF7-4E16-8B4A-38255CE90D4E}.Debug|Any CPU.ActiveCfg = Debug|Any CPU
		{197273B2-7DF7-4E16-8B4A-38255CE90D4E}.Debug|Any CPU.Build.0 = Debug|Any CPU
		{197273B2-7DF7-4E16-8B4A-38255CE90D4E}.Debug|ARM.ActiveCfg = Debug|Any CPU
		{197273B2-7DF7-4E16-8B4A-38255CE90D4E}.Debug|x64.ActiveCfg = Debug|Any CPU
		{197273B2-7DF7-4E16-8B4A-38255CE90D4E}.Debug|x86.ActiveCfg = Debug|Any CPU
		{197273B2-7DF7-4E16-8B4A-38255CE90D4E}.Release|Any CPU.ActiveCfg = Release|Any CPU
		{197273B2-7DF7-4E16-8B4A-38255CE90D4E}.Release|Any CPU.Build.0 = Release|Any CPU
		{197273B2-7DF7-4E16-8B4A-38255CE90D4E}.Release|ARM.ActiveCfg = Release|Any CPU
		{197273B2-7DF7-4E16-8B4A-38255CE90D4E}.Release|x64.ActiveCfg = Release|Any CPU
		{197273B2-7DF7-4E16-8B4A-38255CE90D4E}.Release|x86.ActiveCfg = Release|Any CPU
		{0745BBC8-4B40-4862-AA60-4FCC64A9BE68}..NET 3.5 DEBUG|Any CPU.ActiveCfg = Release|Any CPU
		{0745BBC8-4B40-4862-AA60-4FCC64A9BE68}..NET 3.5 DEBUG|Any CPU.Build.0 = Release|Any CPU
		{0745BBC8-4B40-4862-AA60-4FCC64A9BE68}..NET 3.5 DEBUG|ARM.ActiveCfg = Release|Any CPU
		{0745BBC8-4B40-4862-AA60-4FCC64A9BE68}..NET 3.5 DEBUG|x64.ActiveCfg = Release|Any CPU
		{0745BBC8-4B40-4862-AA60-4FCC64A9BE68}..NET 3.5 DEBUG|x86.ActiveCfg = Release|Any CPU
		{0745BBC8-4B40-4862-AA60-4FCC64A9BE68}.Debug|Any CPU.ActiveCfg = Debug|Any CPU
		{0745BBC8-4B40-4862-AA60-4FCC64A9BE68}.Debug|Any CPU.Build.0 = Debug|Any CPU
		{0745BBC8-4B40-4862-AA60-4FCC64A9BE68}.Debug|ARM.ActiveCfg = Debug|Any CPU
		{0745BBC8-4B40-4862-AA60-4FCC64A9BE68}.Debug|x64.ActiveCfg = Debug|Any CPU
		{0745BBC8-4B40-4862-AA60-4FCC64A9BE68}.Debug|x86.ActiveCfg = Debug|Any CPU
		{0745BBC8-4B40-4862-AA60-4FCC64A9BE68}.Release|Any CPU.ActiveCfg = Release|Any CPU
		{0745BBC8-4B40-4862-AA60-4FCC64A9BE68}.Release|Any CPU.Build.0 = Release|Any CPU
		{0745BBC8-4B40-4862-AA60-4FCC64A9BE68}.Release|ARM.ActiveCfg = Release|Any CPU
		{0745BBC8-4B40-4862-AA60-4FCC64A9BE68}.Release|x64.ActiveCfg = Release|Any CPU
		{0745BBC8-4B40-4862-AA60-4FCC64A9BE68}.Release|x86.ActiveCfg = Release|Any CPU
	EndGlobalSection
	GlobalSection(SolutionProperties) = preSolution
		HideSolutionNode = FALSE
	EndGlobalSection
	GlobalSection(NestedProjects) = preSolution
		{7C6C7E1E-8769-433B-9257-2C117DDA0DB4} = {0FEDB9EA-1562-439A-9A5E-9AC8156B5145}
		{79724F7A-0496-4B9D-9C0F-9EE128DACFF5} = {0FEDB9EA-1562-439A-9A5E-9AC8156B5145}
		{0745BBC8-4B40-4862-AA60-4FCC64A9BE68} = {0FEDB9EA-1562-439A-9A5E-9AC8156B5145}
	EndGlobalSection
EndGlobal
