
Microsoft Visual Studio Solution File, Format Version 9.00
# Visual Studio 2005
Project("{FAE04EC0-301F-11D3-BF4B-00C04F79EFBC}") = "Steeg.Framework", "Steeg.Framework\Steeg.Framework.csproj", "{AE09A0BD-BE87-4606-95F2-C4E765F2A346}"
EndProject
Project("{FAE04EC0-301F-11D3-BF4B-00C04F79EFBC}") = "Steeg.Framework.Test", "Steeg.Framework.Test\Steeg.Framework.Test.csproj", "{300B6FC2-4431-4FD3-9D24-63814367A59A}"
EndProject
Global
	GlobalSection(SolutionConfigurationPlatforms) = preSolution
		Debug|.NET = Debug|.NET
		Debug|Any CPU = Debug|Any CPU
		Debug|Mixed Platforms = Debug|Mixed Platforms
		Release|.NET = Release|.NET
		Release|Any CPU = Release|Any CPU
		Release|Mixed Platforms = Release|Mixed Platforms
	EndGlobalSection
	GlobalSection(ProjectConfigurationPlatforms) = postSolution
		{AE09A0BD-BE87-4606-95F2-C4E765F2A346}.Debug|.NET.ActiveCfg = Debug|Any CPU
		{AE09A0BD-BE87-4606-95F2-C4E765F2A346}.Debug|Any CPU.ActiveCfg = Debug|Any CPU
		{AE09A0BD-BE87-4606-95F2-C4E765F2A346}.Debug|Any CPU.Build.0 = Debug|Any CPU
		{AE09A0BD-BE87-4606-95F2-C4E765F2A346}.Debug|Mixed Platforms.ActiveCfg = Debug|Any CPU
		{AE09A0BD-BE87-4606-95F2-C4E765F2A346}.Debug|Mixed Platforms.Build.0 = Debug|Any CPU
		{AE09A0BD-BE87-4606-95F2-C4E765F2A346}.Release|.NET.ActiveCfg = Release|Any CPU
		{AE09A0BD-BE87-4606-95F2-C4E765F2A346}.Release|Any CPU.ActiveCfg = Release|Any CPU
		{AE09A0BD-BE87-4606-95F2-C4E765F2A346}.Release|Any CPU.Build.0 = Release|Any CPU
		{AE09A0BD-BE87-4606-95F2-C4E765F2A346}.Release|Mixed Platforms.ActiveCfg = Release|Any CPU
		{AE09A0BD-BE87-4606-95F2-C4E765F2A346}.Release|Mixed Platforms.Build.0 = Release|Any CPU
		{300B6FC2-4431-4FD3-9D24-63814367A59A}.Debug|.NET.ActiveCfg = Debug|Any CPU
		{300B6FC2-4431-4FD3-9D24-63814367A59A}.Debug|Any CPU.ActiveCfg = Debug|Any CPU
		{300B6FC2-4431-4FD3-9D24-63814367A59A}.Debug|Any CPU.Build.0 = Debug|Any CPU
		{300B6FC2-4431-4FD3-9D24-63814367A59A}.Debug|Mixed Platforms.ActiveCfg = Debug|Any CPU
		{300B6FC2-4431-4FD3-9D24-63814367A59A}.Debug|Mixed Platforms.Build.0 = Debug|Any CPU
		{300B6FC2-4431-4FD3-9D24-63814367A59A}.Release|.NET.ActiveCfg = Release|Any CPU
		{300B6FC2-4431-4FD3-9D24-63814367A59A}.Release|Any CPU.ActiveCfg = Release|Any CPU
		{300B6FC2-4431-4FD3-9D24-63814367A59A}.Release|Any CPU.Build.0 = Release|Any CPU
		{300B6FC2-4431-4FD3-9D24-63814367A59A}.Release|Mixed Platforms.ActiveCfg = Release|Any CPU
		{300B6FC2-4431-4FD3-9D24-63814367A59A}.Release|Mixed Platforms.Build.0 = Release|Any CPU
	EndGlobalSection
	GlobalSection(SolutionProperties) = preSolution
		HideSolutionNode = FALSE
	EndGlobalSection
EndGlobal
