
Microsoft Visual Studio Solution File, Format Version 11.00
# Visual Studio 2010
Project("{FAE04EC0-301F-11D3-BF4B-00C04F79EFBC}") = "DevExpress.Xpo.v9.3", "Dummy\DevExpress.Xpo.v9.3.csproj", "{692C9DDA-88FF-4632-A7BB-E5959139B212}"
EndProject
Project("{FAE04EC0-301F-11D3-BF4B-00C04F79EFBC}") = "DevExpress.Xpo.9.3.Linq", "DevExpress.Xpo.9.3.Linq\DevExpress.Xpo.9.3.Linq.csproj", "{1D2C9A00-9C40-4419-A4F6-6F5D888E9837}"
EndProject
Project("{FAE04EC0-301F-11D3-BF4B-00C04F79EFBC}") = "DevExpress.Data.9.3", "DevExpress.Data.9.3\DevExpress.Data.9.3.csproj", "{B9871C7C-E444-4E69-A843-C2AA17ACB454}"
EndProject
Project("{FAE04EC0-301F-11D3-BF4B-00C04F79EFBC}") = "DevExpress.Data.9.3.Linq", "DevExpress.Data.9.3.Linq\DevExpress.Data.9.3.Linq.csproj", "{BF987E4F-2160-4B5C-9ACD-1593C0C6CA3E}"
EndProject
Global
	GlobalSection(SolutionConfigurationPlatforms) = preSolution
		Debug|Any CPU = Debug|Any CPU
		Release|Any CPU = Release|Any CPU
	EndGlobalSection
	GlobalSection(ProjectConfigurationPlatforms) = postSolution
		{692C9DDA-88FF-4632-A7BB-E5959139B212}.Debug|Any CPU.ActiveCfg = Debug|Any CPU
		{692C9DDA-88FF-4632-A7BB-E5959139B212}.Debug|Any CPU.Build.0 = Debug|Any CPU
		{692C9DDA-88FF-4632-A7BB-E5959139B212}.Release|Any CPU.ActiveCfg = Release|Any CPU
		{692C9DDA-88FF-4632-A7BB-E5959139B212}.Release|Any CPU.Build.0 = Release|Any CPU
		{1D2C9A00-9C40-4419-A4F6-6F5D888E9837}.Debug|Any CPU.ActiveCfg = Debug|Any CPU
		{1D2C9A00-9C40-4419-A4F6-6F5D888E9837}.Debug|Any CPU.Build.0 = Debug|Any CPU
		{1D2C9A00-9C40-4419-A4F6-6F5D888E9837}.Release|Any CPU.ActiveCfg = Release|Any CPU
		{1D2C9A00-9C40-4419-A4F6-6F5D888E9837}.Release|Any CPU.Build.0 = Release|Any CPU
		{B9871C7C-E444-4E69-A843-C2AA17ACB454}.Debug|Any CPU.ActiveCfg = Debug|Any CPU
		{B9871C7C-E444-4E69-A843-C2AA17ACB454}.Debug|Any CPU.Build.0 = Debug|Any CPU
		{B9871C7C-E444-4E69-A843-C2AA17ACB454}.Release|Any CPU.ActiveCfg = Release|Any CPU
		{B9871C7C-E444-4E69-A843-C2AA17ACB454}.Release|Any CPU.Build.0 = Release|Any CPU
		{BF987E4F-2160-4B5C-9ACD-1593C0C6CA3E}.Debug|Any CPU.ActiveCfg = Debug|Any CPU
		{BF987E4F-2160-4B5C-9ACD-1593C0C6CA3E}.Debug|Any CPU.Build.0 = Debug|Any CPU
		{BF987E4F-2160-4B5C-9ACD-1593C0C6CA3E}.Release|Any CPU.ActiveCfg = Release|Any CPU
		{BF987E4F-2160-4B5C-9ACD-1593C0C6CA3E}.Release|Any CPU.Build.0 = Release|Any CPU
	EndGlobalSection
	GlobalSection(SolutionProperties) = preSolution
		HideSolutionNode = FALSE
	EndGlobalSection
EndGlobal
